{
  "nodes": {
    "flakeNimbleLib": {
      "inputs": {
        "nixpkgs": [
          "nixpkgs"
        ]
      },
      "locked": {
        "lastModified": 1648105061,
        "narHash": "sha256-Je25qNlH4xrH3+m6vIq6yPvdfQ80FRTwX4JOhrRLduc=",
        "owner": "riinr",
        "repo": "nim-flakes-lib",
        "rev": "f1ec5e2f15b9f717c33b6942ce7cb344ff868522",
        "type": "github"
      },
      "original": {
        "owner": "riinr",
        "ref": "master",
        "repo": "nim-flakes-lib",
        "type": "github"
      }
    },
    "flatty": {
      "inputs": {
        "flakeNimbleLib": [
          "flakeNimbleLib"
        ],
        "nixpkgs": [
          "nixpkgs"
        ],
        "src-flatty-0_2_4": "src-flatty-0_2_4"
      },
      "locked": {
        "dir": "0_2_4",
        "lastModified": 1648107527,
        "narHash": "sha256-HRO5EoVLum8BEvQpVD/+KNHQP47OwkG0ToY3bygAIW0=",
        "owner": "nim-nix-pkgs",
        "repo": "flatty",
        "rev": "31e3d3db9b5f2b05fbf8606f93ed1fe0bd69534e",
        "type": "github"
      },
      "original": {
        "dir": "0_2_4",
        "owner": "nim-nix-pkgs",
        "ref": "master",
        "repo": "flatty",
        "type": "github"
      }
    },
    "libsodium": {
      "inputs": {
        "flakeNimbleLib": [
          "flakeNimbleLib"
        ],
        "nixpkgs": [
          "nixpkgs"
        ],
        "src-libsodium-0_6_0": "src-libsodium-0_6_0"
      },
      "locked": {
        "dir": "0_6_0",
        "lastModified": 1648107729,
        "narHash": "sha256-Bnjs7PrwY2Kxgo0TUWucBdtR9CRGihlkdi7Byj7PGZI=",
        "owner": "nim-nix-pkgs",
        "repo": "libsodium",
        "rev": "9fa88ce1a34907337b3c54b903d29d45fad02742",
        "type": "github"
      },
      "original": {
        "dir": "0_6_0",
        "owner": "nim-nix-pkgs",
        "ref": "master",
        "repo": "libsodium",
        "type": "github"
      }
    },
    "nixpkgs": {
      "locked": {
        "narHash": "sha256-sK1Ow//80EKE3bAF5d+2gB8vPXw6m5TBk3wSLHvdVe0=",
        "path": "/nix/store/0yqgkbpmsk7ck4s34wk505sfdd9vils4-source",
        "type": "path"
      },
      "original": {
        "id": "nixpkgs",
        "type": "indirect"
      }
    },
    "regex": {
      "inputs": {
        "flakeNimbleLib": [
          "flakeNimbleLib"
        ],
        "nixpkgs": [
          "nixpkgs"
        ],
        "src-regex-v0_19_0": "src-regex-v0_19_0",
        "unicodedb": "unicodedb"
      },
      "locked": {
        "dir": "v0_19_0",
        "lastModified": 1648111608,
        "narHash": "sha256-vSuEUzj1gJ0A+rWh/iAOEfWOlsdZlMVDmd6U2kKqLPw=",
        "owner": "nim-nix-pkgs",
        "repo": "regex",
        "rev": "75c17743dc9a18a29dd0005645c3596f5b0378f0",
        "type": "github"
      },
      "original": {
        "dir": "v0_19_0",
        "owner": "nim-nix-pkgs",
        "ref": "master",
        "repo": "regex",
        "type": "github"
      }
    },
    "root": {
      "inputs": {
        "flakeNimbleLib": "flakeNimbleLib",
        "flatty": "flatty",
        "libsodium": "libsodium",
        "nixpkgs": "nixpkgs",
        "regex": "regex",
        "src-dimscord-v1_2_5": "src-dimscord-v1_2_5",
        "ws": "ws",
        "zippy": "zippy"
      }
    },
    "src-dimscord-v1_2_5": {
      "flake": false,
      "locked": {
        "lastModified": 1609170551,
        "narHash": "sha256-AHM9HJKxuzXtypVOhy9geROvL36z4DzRYYm4k6SIWxM=",
        "owner": "krisppurg",
        "repo": "dimscord",
        "rev": "53f1f398765b4b4dab09c63f3b2689c0d763f6fb",
        "type": "github"
      },
      "original": {
        "owner": "krisppurg",
        "ref": "refs/tags/v1.2.5",
        "repo": "dimscord",
        "type": "github"
      }
    },
    "src-flatty-0_2_4": {
      "flake": false,
      "locked": {
        "lastModified": 1644776794,
        "narHash": "sha256-TK8bfHuJgwH2CdA/OyQJ2CxHtTuyAU6L52QBGeTUgXE=",
        "owner": "treeform",
        "repo": "flatty",
        "rev": "c87340c9a09fffc794f588c4a19b53c8d71cd6f6",
        "type": "github"
      },
      "original": {
        "owner": "treeform",
        "ref": "refs/tags/0.2.4",
        "repo": "flatty",
        "type": "github"
      }
    },
    "src-libsodium-0_6_0": {
      "flake": false,
      "locked": {
        "lastModified": 1577359508,
        "narHash": "sha256-0Qe6Ix33l/ticjG9weImEOVbDIi5y5xK0NT891uNUGU=",
        "owner": "FedericoCeratto",
        "repo": "nim-libsodium",
        "rev": "0258efe4e7f48e22daedf26f70e3efbe830abfb5",
        "type": "github"
      },
      "original": {
        "owner": "FedericoCeratto",
        "ref": "refs/tags/0.6.0",
        "repo": "nim-libsodium",
        "type": "github"
      }
    },
    "src-regex-v0_19_0": {
      "flake": false,
      "locked": {
        "lastModified": 1610386681,
        "narHash": "sha256-wam5El/S2N24zrbhw+Jo1Flkw8udrcTNu/v6QEl7KYE=",
        "owner": "nitely",
        "repo": "nim-regex",
        "rev": "b10d4b87dae0c50ebae00bdceacf55502573979f",
        "type": "github"
      },
      "original": {
        "owner": "nitely",
        "ref": "refs/tags/v0.19.0",
        "repo": "nim-regex",
        "type": "github"
      }
    },
    "src-unicodedb-v0_10_0": {
      "flake": false,
      "locked": {
        "lastModified": 1635061637,
        "narHash": "sha256-qt2pyiGrvJXSes+E0eubx98mrF+jTudPD6hkUXjw0/4=",
        "owner": "nitely",
        "repo": "nim-unicodedb",
        "rev": "675407fa4b6e701ebf9f94e5370ce18c3af40cc3",
        "type": "github"
      },
      "original": {
        "owner": "nitely",
        "ref": "refs/tags/v0.10.0",
        "repo": "nim-unicodedb",
        "type": "github"
      }
    },
    "src-ws-v0_4_0": {
      "flake": false,
      "locked": {
        "lastModified": 1577400807,
        "narHash": "sha256-WUxEpptbmWi+1L/F7LKrJm2D0KPwHdTX7towkSr6CtE=",
        "owner": "treeform",
        "repo": "ws",
        "rev": "d5f96d5c954338e563555f22f7c896c46e548bc6",
        "type": "github"
      },
      "original": {
        "owner": "treeform",
        "ref": "refs/tags/v0.4.0",
        "repo": "ws",
        "type": "github"
      }
    },
    "src-zippy-0_9_7": {
      "flake": false,
      "locked": {
        "lastModified": 1643953702,
        "narHash": "sha256-hIq+inWzFXCj5d0qBzi2li/3rpgAePmrizUCBZizmFY=",
        "owner": "guzba",
        "repo": "zippy",
        "rev": "4a7ff984cc97f3930007468ff265726d019c4a52",
        "type": "github"
      },
      "original": {
        "owner": "guzba",
        "ref": "refs/tags/0.9.7",
        "repo": "zippy",
        "type": "github"
      }
    },
    "unicodedb": {
      "inputs": {
        "flakeNimbleLib": [
          "regex",
          "flakeNimbleLib"
        ],
        "nixpkgs": [
          "regex",
          "nixpkgs"
        ],
        "src-unicodedb-v0_10_0": "src-unicodedb-v0_10_0"
      },
      "locked": {
        "dir": "v0_10_0",
        "lastModified": 1648108194,
        "narHash": "sha256-jab8i6RK0RLeIOojEIXzvrJsVTfpk26NxJZKvUpmpP0=",
        "owner": "nim-nix-pkgs",
        "repo": "unicodedb",
        "rev": "abe4065681b54824cae758a3c81ca37895078ee7",
        "type": "github"
      },
      "original": {
        "dir": "v0_10_0",
        "owner": "nim-nix-pkgs",
        "ref": "master",
        "repo": "unicodedb",
        "type": "github"
      }
    },
    "ws": {
      "inputs": {
        "flakeNimbleLib": [
          "flakeNimbleLib"
        ],
        "nixpkgs": [
          "nixpkgs"
        ],
        "src-ws-v0_4_0": "src-ws-v0_4_0"
      },
      "locked": {
        "dir": "v0_4_0",
        "lastModified": 1648108243,
        "narHash": "sha256-QsPn/NC5xQqOskgEvpVP/tBFuhAm+fhJ74xK0Ek3dJE=",
        "owner": "nim-nix-pkgs",
        "repo": "ws",
        "rev": "8fec8024c4e4c4ed35c94e80dc8b3deee902bb83",
        "type": "github"
      },
      "original": {
        "dir": "v0_4_0",
        "owner": "nim-nix-pkgs",
        "ref": "master",
        "repo": "ws",
        "type": "github"
      }
    },
    "zippy": {
      "inputs": {
        "flakeNimbleLib": [
          "flakeNimbleLib"
        ],
        "nixpkgs": [
          "nixpkgs"
        ],
        "src-zippy-0_9_7": "src-zippy-0_9_7"
      },
      "locked": {
        "dir": "0_9_7",
        "lastModified": 1648108261,
        "narHash": "sha256-aRAQ2FDYE9s4XHsVlMq3ifFjnoyqFvyFJweG2G7j1Kc=",
        "owner": "nim-nix-pkgs",
        "repo": "zippy",
        "rev": "e864786c03ee81a6c10c6eed76be6c6149bd1056",
        "type": "github"
      },
      "original": {
        "dir": "0_9_7",
        "owner": "nim-nix-pkgs",
        "ref": "master",
        "repo": "zippy",
        "type": "github"
      }
    }
  },
  "root": "root",
  "version": 7
}
